
Microsoft Visual Studio Solution File, Format Version 12.00
# Visual Studio Express 14 for Windows Desktop
VisualStudioVersion = 14.0.25420.1
MinimumVisualStudioVersion = 10.0.40219.1
Project("{FAE04EC0-301F-11D3-BF4B-00C04F79EFBC}") = "MulticastSend", "MulticastSend\MulticastSend.csproj", "{A3AB67FC-E3D6-4238-9AD8-BFE30F67092D}"
EndProject
Project("{FAE04EC0-301F-11D3-BF4B-00C04F79EFBC}") = "MulticastReceive", "MulticastReceive\MulticastReceive.csproj", "{CBBF16AF-B760-456F-AC06-E3223D36A8E6}"
EndProject
Global
	GlobalSection(SolutionConfigurationPlatforms) = preSolution
		Debug|Any CPU = Debug|Any CPU
		Release|Any CPU = Release|Any CPU
	EndGlobalSection
	GlobalSection(ProjectConfigurationPlatforms) = postSolution
		{A3AB67FC-E3D6-4238-9AD8-BFE30F67092D}.Debug|Any CPU.ActiveCfg = Debug|Any CPU
		{A3AB67FC-E3D6-4238-9AD8-BFE30F67092D}.Debug|Any CPU.Build.0 = Debug|Any CPU
		{A3AB67FC-E3D6-4238-9AD8-BFE30F67092D}.Release|Any CPU.ActiveCfg = Release|Any CPU
		{A3AB67FC-E3D6-4238-9AD8-BFE30F67092D}.Release|Any CPU.Build.0 = Release|Any CPU
		{CBBF16AF-B760-456F-AC06-E3223D36A8E6}.Debug|Any CPU.ActiveCfg = Debug|Any CPU
		{CBBF16AF-B760-456F-AC06-E3223D36A8E6}.Debug|Any CPU.Build.0 = Debug|Any CPU
		{CBBF16AF-B760-456F-AC06-E3223D36A8E6}.Release|Any CPU.ActiveCfg = Release|Any CPU
		{CBBF16AF-B760-456F-AC06-E3223D36A8E6}.Release|Any CPU.Build.0 = Release|Any CPU
	EndGlobalSection
	GlobalSection(SolutionProperties) = preSolution
		HideSolutionNode = FALSE
	EndGlobalSection
EndGlobal
